
Microsoft Visual Studio Solution File, Format Version 12.00
# Visual Studio Version 16
VisualStudioVersion = 16.0.28711.60
MinimumVisualStudioVersion = 10.0.40219.1
Project("{FAE04EC0-301F-11D3-BF4B-00C04F79EFBC}") = "Homework", "Homework\Homework.csproj", "{5C16D52C-5BDD-4E6B-A459-299E3EDEA08C}"
EndProject
Project("{FAE04EC0-301F-11D3-BF4B-00C04F79EFBC}") = "HomeworkTests", "HomeworkTests\HomeworkTests.csproj", "{CFB57087-D5FE-4177-8209-E7F007FE9FDB}"
EndProject
Global
	GlobalSection(SolutionConfigurationPlatforms) = preSolution
		Debug|Any CPU = Debug|Any CPU
		Release|Any CPU = Release|Any CPU
	EndGlobalSection
	GlobalSection(ProjectConfigurationPlatforms) = postSolution
		{5C16D52C-5BDD-4E6B-A459-299E3EDEA08C}.Debug|Any CPU.ActiveCfg = Debug|Any CPU
		{5C16D52C-5BDD-4E6B-A459-299E3EDEA08C}.Debug|Any CPU.Build.0 = Debug|Any CPU
		{5C16D52C-5BDD-4E6B-A459-299E3EDEA08C}.Release|Any CPU.ActiveCfg = Release|Any CPU
		{5C16D52C-5BDD-4E6B-A459-299E3EDEA08C}.Release|Any CPU.Build.0 = Release|Any CPU
		{CFB57087-D5FE-4177-8209-E7F007FE9FDB}.Debug|Any CPU.ActiveCfg = Debug|Any CPU
		{CFB57087-D5FE-4177-8209-E7F007FE9FDB}.Debug|Any CPU.Build.0 = Debug|Any CPU
		{CFB57087-D5FE-4177-8209-E7F007FE9FDB}.Release|Any CPU.ActiveCfg = Release|Any CPU
		{CFB57087-D5FE-4177-8209-E7F007FE9FDB}.Release|Any CPU.Build.0 = Release|Any CPU
	EndGlobalSection
	GlobalSection(SolutionProperties) = preSolution
		HideSolutionNode = FALSE
	EndGlobalSection
	GlobalSection(ExtensibilityGlobals) = postSolution
		SolutionGuid = {A390210F-5F25-4F03-A1CB-E77C4FCD4174}
	EndGlobalSection
EndGlobal
