
Microsoft Visual Studio Solution File, Format Version 12.00
# Visual Studio Version 16
VisualStudioVersion = 16.0.28606.126
MinimumVisualStudioVersion = 10.0.40219.1
Project("{FAE04EC0-301F-11D3-BF4B-00C04F79EFBC}") = "Homework", "Homework\Homework.csproj", "{F3F17238-FE5D-44E1-B4B4-D5C60D2DB4A4}"
EndProject
Global
	GlobalSection(SolutionConfigurationPlatforms) = preSolution
		Debug|Any CPU = Debug|Any CPU
		Release|Any CPU = Release|Any CPU
	EndGlobalSection
	GlobalSection(ProjectConfigurationPlatforms) = postSolution
		{F3F17238-FE5D-44E1-B4B4-D5C60D2DB4A4}.Debug|Any CPU.ActiveCfg = Debug|Any CPU
		{F3F17238-FE5D-44E1-B4B4-D5C60D2DB4A4}.Debug|Any CPU.Build.0 = Debug|Any CPU
		{F3F17238-FE5D-44E1-B4B4-D5C60D2DB4A4}.Release|Any CPU.ActiveCfg = Release|Any CPU
		{F3F17238-FE5D-44E1-B4B4-D5C60D2DB4A4}.Release|Any CPU.Build.0 = Release|Any CPU
	EndGlobalSection
	GlobalSection(SolutionProperties) = preSolution
		HideSolutionNode = FALSE
	EndGlobalSection
	GlobalSection(ExtensibilityGlobals) = postSolution
		SolutionGuid = {F40BF461-7B22-4127-AC11-BAA3C07F28C3}
	EndGlobalSection
EndGlobal
