
Microsoft Visual Studio Solution File, Format Version 12.00
# Visual Studio Version 16
VisualStudioVersion = 16.0.28621.142
MinimumVisualStudioVersion = 10.0.40219.1
Project("{FAE04EC0-301F-11D3-BF4B-00C04F79EFBC}") = "Homework", "Homework\Homework.csproj", "{C438C01B-A806-4CD6-921F-843B69C6919B}"
EndProject
Project("{FAE04EC0-301F-11D3-BF4B-00C04F79EFBC}") = "HomeworkTests", "HomeworkTests\HomeworkTests.csproj", "{73EE4412-B977-48F1-BCA8-70B9A4EF16F5}"
EndProject
Global
	GlobalSection(SolutionConfigurationPlatforms) = preSolution
		Debug|Any CPU = Debug|Any CPU
		Release|Any CPU = Release|Any CPU
	EndGlobalSection
	GlobalSection(ProjectConfigurationPlatforms) = postSolution
		{C438C01B-A806-4CD6-921F-843B69C6919B}.Debug|Any CPU.ActiveCfg = Debug|Any CPU
		{C438C01B-A806-4CD6-921F-843B69C6919B}.Debug|Any CPU.Build.0 = Debug|Any CPU
		{C438C01B-A806-4CD6-921F-843B69C6919B}.Release|Any CPU.ActiveCfg = Release|Any CPU
		{C438C01B-A806-4CD6-921F-843B69C6919B}.Release|Any CPU.Build.0 = Release|Any CPU
		{73EE4412-B977-48F1-BCA8-70B9A4EF16F5}.Debug|Any CPU.ActiveCfg = Debug|Any CPU
		{73EE4412-B977-48F1-BCA8-70B9A4EF16F5}.Debug|Any CPU.Build.0 = Debug|Any CPU
		{73EE4412-B977-48F1-BCA8-70B9A4EF16F5}.Release|Any CPU.ActiveCfg = Release|Any CPU
		{73EE4412-B977-48F1-BCA8-70B9A4EF16F5}.Release|Any CPU.Build.0 = Release|Any CPU
	EndGlobalSection
	GlobalSection(SolutionProperties) = preSolution
		HideSolutionNode = FALSE
	EndGlobalSection
	GlobalSection(ExtensibilityGlobals) = postSolution
		SolutionGuid = {5AE1360E-84B3-401C-BDEA-0FCE76303918}
	EndGlobalSection
EndGlobal
