
Microsoft Visual Studio Solution File, Format Version 12.00
# Visual Studio Version 16
VisualStudioVersion = 16.0.28822.285
MinimumVisualStudioVersion = 10.0.40219.1
Project("{FAE04EC0-301F-11D3-BF4B-00C04F79EFBC}") = "Homework", "Homework\Homework.csproj", "{9F2F277F-8B69-4996-88BF-FBDF651E4C0A}"
EndProject
Project("{FAE04EC0-301F-11D3-BF4B-00C04F79EFBC}") = "HomeworkTests", "HomeworkTests\HomeworkTests.csproj", "{292FB6F4-7BE5-4E74-84C5-6427F5DA6444}"
EndProject
Global
	GlobalSection(SolutionConfigurationPlatforms) = preSolution
		Debug|Any CPU = Debug|Any CPU
		Release|Any CPU = Release|Any CPU
	EndGlobalSection
	GlobalSection(ProjectConfigurationPlatforms) = postSolution
		{9F2F277F-8B69-4996-88BF-FBDF651E4C0A}.Debug|Any CPU.ActiveCfg = Debug|Any CPU
		{9F2F277F-8B69-4996-88BF-FBDF651E4C0A}.Debug|Any CPU.Build.0 = Debug|Any CPU
		{9F2F277F-8B69-4996-88BF-FBDF651E4C0A}.Release|Any CPU.ActiveCfg = Release|Any CPU
		{9F2F277F-8B69-4996-88BF-FBDF651E4C0A}.Release|Any CPU.Build.0 = Release|Any CPU
		{292FB6F4-7BE5-4E74-84C5-6427F5DA6444}.Debug|Any CPU.ActiveCfg = Debug|Any CPU
		{292FB6F4-7BE5-4E74-84C5-6427F5DA6444}.Debug|Any CPU.Build.0 = Debug|Any CPU
		{292FB6F4-7BE5-4E74-84C5-6427F5DA6444}.Release|Any CPU.ActiveCfg = Release|Any CPU
		{292FB6F4-7BE5-4E74-84C5-6427F5DA6444}.Release|Any CPU.Build.0 = Release|Any CPU
	EndGlobalSection
	GlobalSection(SolutionProperties) = preSolution
		HideSolutionNode = FALSE
	EndGlobalSection
	GlobalSection(ExtensibilityGlobals) = postSolution
		SolutionGuid = {946C7F0F-039E-433E-A2F4-0C7A2E703D90}
	EndGlobalSection
EndGlobal
