
Microsoft Visual Studio Solution File, Format Version 12.00
# Visual Studio Version 16
VisualStudioVersion = 16.0.28606.126
MinimumVisualStudioVersion = 10.0.40219.1
Project("{FAE04EC0-301F-11D3-BF4B-00C04F79EFBC}") = "Homework", "Homework\Homework.csproj", "{9563C0BB-5404-4FDA-A14F-6ABA4073B7C8}"
EndProject
Global
	GlobalSection(SolutionConfigurationPlatforms) = preSolution
		Debug|Any CPU = Debug|Any CPU
		Release|Any CPU = Release|Any CPU
	EndGlobalSection
	GlobalSection(ProjectConfigurationPlatforms) = postSolution
		{9563C0BB-5404-4FDA-A14F-6ABA4073B7C8}.Debug|Any CPU.ActiveCfg = Debug|Any CPU
		{9563C0BB-5404-4FDA-A14F-6ABA4073B7C8}.Debug|Any CPU.Build.0 = Debug|Any CPU
		{9563C0BB-5404-4FDA-A14F-6ABA4073B7C8}.Release|Any CPU.ActiveCfg = Release|Any CPU
		{9563C0BB-5404-4FDA-A14F-6ABA4073B7C8}.Release|Any CPU.Build.0 = Release|Any CPU
	EndGlobalSection
	GlobalSection(SolutionProperties) = preSolution
		HideSolutionNode = FALSE
	EndGlobalSection
	GlobalSection(ExtensibilityGlobals) = postSolution
		SolutionGuid = {02EB407E-32E8-4C10-8491-B6598F8D53BD}
	EndGlobalSection
EndGlobal
