
Microsoft Visual Studio Solution File, Format Version 12.00
# Visual Studio Version 16
VisualStudioVersion = 16.0.28711.60
MinimumVisualStudioVersion = 10.0.40219.1
Project("{FAE04EC0-301F-11D3-BF4B-00C04F79EFBC}") = "Homework", "Homework\Homework.csproj", "{A118C4A6-2E8F-4D9C-BC39-92DA4CBADDDA}"
EndProject
Global
	GlobalSection(SolutionConfigurationPlatforms) = preSolution
		Debug|Any CPU = Debug|Any CPU
		Release|Any CPU = Release|Any CPU
	EndGlobalSection
	GlobalSection(ProjectConfigurationPlatforms) = postSolution
		{A118C4A6-2E8F-4D9C-BC39-92DA4CBADDDA}.Debug|Any CPU.ActiveCfg = Debug|Any CPU
		{A118C4A6-2E8F-4D9C-BC39-92DA4CBADDDA}.Debug|Any CPU.Build.0 = Debug|Any CPU
		{A118C4A6-2E8F-4D9C-BC39-92DA4CBADDDA}.Release|Any CPU.ActiveCfg = Release|Any CPU
		{A118C4A6-2E8F-4D9C-BC39-92DA4CBADDDA}.Release|Any CPU.Build.0 = Release|Any CPU
	EndGlobalSection
	GlobalSection(SolutionProperties) = preSolution
		HideSolutionNode = FALSE
	EndGlobalSection
	GlobalSection(ExtensibilityGlobals) = postSolution
		SolutionGuid = {2B11F94F-A006-4A4E-8E62-2FD39E54B2E3}
	EndGlobalSection
EndGlobal
