
Microsoft Visual Studio Solution File, Format Version 12.00
# Visual Studio Version 16
VisualStudioVersion = 16.0.28822.285
MinimumVisualStudioVersion = 10.0.40219.1
Project("{FAE04EC0-301F-11D3-BF4B-00C04F79EFBC}") = "TestTask", "TestTask\TestTask.csproj", "{12D3FED2-FD3F-4F21-844F-EF674D1BEE5A}"
EndProject
Global
	GlobalSection(SolutionConfigurationPlatforms) = preSolution
		Debug|Any CPU = Debug|Any CPU
		Release|Any CPU = Release|Any CPU
	EndGlobalSection
	GlobalSection(ProjectConfigurationPlatforms) = postSolution
		{12D3FED2-FD3F-4F21-844F-EF674D1BEE5A}.Debug|Any CPU.ActiveCfg = Debug|Any CPU
		{12D3FED2-FD3F-4F21-844F-EF674D1BEE5A}.Debug|Any CPU.Build.0 = Debug|Any CPU
		{12D3FED2-FD3F-4F21-844F-EF674D1BEE5A}.Release|Any CPU.ActiveCfg = Release|Any CPU
		{12D3FED2-FD3F-4F21-844F-EF674D1BEE5A}.Release|Any CPU.Build.0 = Release|Any CPU
	EndGlobalSection
	GlobalSection(SolutionProperties) = preSolution
		HideSolutionNode = FALSE
	EndGlobalSection
	GlobalSection(ExtensibilityGlobals) = postSolution
		SolutionGuid = {E45D83ED-2DB2-4F05-8B23-D25B96A25FAA}
	EndGlobalSection
EndGlobal
